// !$*UTF8*$!
{
	archiveVersion = 1;
	classes = {
	};
	objectVersion = 50;
	objects = {

/* Begin PBXBuildFile section */
		A252C495216CB2FA00FFA8D3 /* AppDelegate.swift in Sources */ = {isa = PBXBuildFile; fileRef = A252C494216CB2FA00FFA8D3 /* AppDelegate.swift */; };
		A252C49A216CB2FA00FFA8D3 /* Main.storyboard in Resources */ = {isa = PBXBuildFile; fileRef = A252C498216CB2FA00FFA8D3 /* Main.storyboard */; };
		A252C49C216CB2FE00FFA8D3 /* Assets.xcassets in Resources */ = {isa = PBXBuildFile; fileRef = A252C49B216CB2FE00FFA8D3 /* Assets.xcassets */; };
		A252C49F216CB2FE00FFA8D3 /* LaunchScreen.storyboard in Resources */ = {isa = PBXBuildFile; fileRef = A252C49D216CB2FE00FFA8D3 /* LaunchScreen.storyboard */; };
		A252C4A9216CC43900FFA8D3 /* MusicCell.swift in Sources */ = {isa = PBXBuildFile; fileRef = A252C4A8216CC43900FFA8D3 /* MusicCell.swift */; };
		A252C4AB216CC50900FFA8D3 /* Music.swift in Sources */ = {isa = PBXBuildFile; fileRef = A252C4AA216CC50900FFA8D3 /* Music.swift */; };
		A2551E4F219F4190004DB89A /* RoundedPlayer.swift in Sources */ = {isa = PBXBuildFile; fileRef = A2551E4E219F4190004DB89A /* RoundedPlayer.swift */; };
		A2B4F1FA219F7130005944A2 /* MusicListView.swift in Sources */ = {isa = PBXBuildFile; fileRef = A2B4F1F9219F7130005944A2 /* MusicListView.swift */; };
		A2EEE30A21861B2C0061CEED /* NowPlayingView.swift in Sources */ = {isa = PBXBuildFile; fileRef = A2EEE30921861B2C0061CEED /* NowPlayingView.swift */; };
/* End PBXBuildFile section */

/* Begin PBXFileReference section */
		A252C491216CB2FA00FFA8D3 /* Euphoria.app */ = {isa = PBXFileReference; explicitFileType = wrapper.application; includeInIndex = 0; path = Euphoria.app; sourceTree = BUILT_PRODUCTS_DIR; };
		A252C494216CB2FA00FFA8D3 /* AppDelegate.swift */ = {isa = PBXFileReference; lastKnownFileType = sourcecode.swift; path = AppDelegate.swift; sourceTree = "<group>"; };
		A252C499216CB2FA00FFA8D3 /* Base */ = {isa = PBXFileReference; lastKnownFileType = file.storyboard; name = Base; path = Base.lproj/Main.storyboard; sourceTree = "<group>"; };
		A252C49B216CB2FE00FFA8D3 /* Assets.xcassets */ = {isa = PBXFileReference; lastKnownFileType = folder.assetcatalog; path = Assets.xcassets; sourceTree = "<group>"; };
		A252C49E216CB2FE00FFA8D3 /* Base */ = {isa = PBXFileReference; lastKnownFileType = file.storyboard; name = Base; path = Base.lproj/LaunchScreen.storyboard; sourceTree = "<group>"; };
		A252C4A0216CB2FE00FFA8D3 /* Info.plist */ = {isa = PBXFileReference; lastKnownFileType = text.plist.xml; path = Info.plist; sourceTree = "<group>"; };
		A252C4A8216CC43900FFA8D3 /* MusicCell.swift */ = {isa = PBXFileReference; lastKnownFileType = sourcecode.swift; path = MusicCell.swift; sourceTree = "<group>"; };
		A252C4AA216CC50900FFA8D3 /* Music.swift */ = {isa = PBXFileReference; lastKnownFileType = sourcecode.swift; path = Music.swift; sourceTree = "<group>"; };
		A2551E4E219F4190004DB89A /* RoundedPlayer.swift */ = {isa = PBXFileReference; lastKnownFileType = sourcecode.swift; path = RoundedPlayer.swift; sourceTree = "<group>"; };
		A2B4F1F9219F7130005944A2 /* MusicListView.swift */ = {isa = PBXFileReference; lastKnownFileType = sourcecode.swift; path = MusicListView.swift; sourceTree = "<group>"; };
		A2EEE30921861B2C0061CEED /* NowPlayingView.swift */ = {isa = PBXFileReference; lastKnownFileType = sourcecode.swift; path = NowPlayingView.swift; sourceTree = "<group>"; };
/* End PBXFileReference section */

/* Begin PBXFrameworksBuildPhase section */
		A252C48E216CB2FA00FFA8D3 /* Frameworks */ = {
			isa = PBXFrameworksBuildPhase;
			buildActionMask = 2147483647;
			files = (
			);
			runOnlyForDeploymentPostprocessing = 0;
		};
/* End PBXFrameworksBuildPhase section */

/* Begin PBXGroup section */
		A252C488216CB2F900FFA8D3 = {
			isa = PBXGroup;
			children = (
				A252C493216CB2FA00FFA8D3 /* Euphoria */,
				A252C492216CB2FA00FFA8D3 /* Products */,
			);
			sourceTree = "<group>";
		};
		A252C492216CB2FA00FFA8D3 /* Products */ = {
			isa = PBXGroup;
			children = (
				A252C491216CB2FA00FFA8D3 /* Euphoria.app */,
			);
			name = Products;
			sourceTree = "<group>";
		};
		A252C493216CB2FA00FFA8D3 /* Euphoria */ = {
			isa = PBXGroup;
			children = (
				A2551E4B219F3C88004DB89A /* Delegate */,
				A2551E4A219F3BF6004DB89A /* Controller */,
				A2551E49219F3BEF004DB89A /* View */,
				A2551E48219F3BCD004DB89A /* Model */,
				A252C49B216CB2FE00FFA8D3 /* Assets.xcassets */,
				A252C4A0216CB2FE00FFA8D3 /* Info.plist */,
			);
			path = Euphoria;
			sourceTree = "<group>";
		};
		A2551E48219F3BCD004DB89A /* Model */ = {
			isa = PBXGroup;
			children = (
				A252C4AA216CC50900FFA8D3 /* Music.swift */,
			);
			path = Model;
			sourceTree = "<group>";
		};
		A2551E49219F3BEF004DB89A /* View */ = {
			isa = PBXGroup;
			children = (
				A252C498216CB2FA00FFA8D3 /* Main.storyboard */,
				A252C49D216CB2FE00FFA8D3 /* LaunchScreen.storyboard */,
			);
			path = View;
			sourceTree = "<group>";
		};
		A2551E4A219F3BF6004DB89A /* Controller */ = {
			isa = PBXGroup;
			children = (
				A2551E4E219F4190004DB89A /* RoundedPlayer.swift */,
				A252C4A8216CC43900FFA8D3 /* MusicCell.swift */,
				A2EEE30921861B2C0061CEED /* NowPlayingView.swift */,
				A2B4F1F9219F7130005944A2 /* MusicListView.swift */,
			);
			path = Controller;
			sourceTree = "<group>";
		};
		A2551E4B219F3C88004DB89A /* Delegate */ = {
			isa = PBXGroup;
			children = (
				A252C494216CB2FA00FFA8D3 /* AppDelegate.swift */,
			);
			path = Delegate;
			sourceTree = "<group>";
		};
/* End PBXGroup section */

/* Begin PBXNativeTarget section */
		A252C490216CB2FA00FFA8D3 /* Euphoria */ = {
			isa = PBXNativeTarget;
			buildConfigurationList = A252C4A3216CB2FE00FFA8D3 /* Build configuration list for PBXNativeTarget "Euphoria" */;
			buildPhases = (
				A252C48D216CB2FA00FFA8D3 /* Sources */,
				A252C48E216CB2FA00FFA8D3 /* Frameworks */,
				A252C48F216CB2FA00FFA8D3 /* Resources */,
			);
			buildRules = (
			);
			dependencies = (
			);
			name = Euphoria;
			productName = Euphoria;
			productReference = A252C491216CB2FA00FFA8D3 /* Euphoria.app */;
			productType = "com.apple.product-type.application";
		};
/* End PBXNativeTarget section */

/* Begin PBXProject section */
		A252C489216CB2F900FFA8D3 /* Project object */ = {
			isa = PBXProject;
			attributes = {
				LastSwiftUpdateCheck = 1010;
				LastUpgradeCheck = 1010;
				ORGANIZATIONNAME = JDC0rp;
				TargetAttributes = {
					A252C490216CB2FA00FFA8D3 = {
						CreatedOnToolsVersion = 10.1;
					};
				};
			};
			buildConfigurationList = A252C48C216CB2F900FFA8D3 /* Build configuration list for PBXProject "Euphoria" */;
			compatibilityVersion = "Xcode 9.3";
			developmentRegion = en;
			hasScannedForEncodings = 0;
			knownRegions = (
				en,
				Base,
			);
			mainGroup = A252C488216CB2F900FFA8D3;
			productRefGroup = A252C492216CB2FA00FFA8D3 /* Products */;
			projectDirPath = "";
			projectRoot = "";
			targets = (
				A252C490216CB2FA00FFA8D3 /* Euphoria */,
			);
		};
/* End PBXProject section */

/* Begin PBXResourcesBuildPhase section */
		A252C48F216CB2FA00FFA8D3 /* Resources */ = {
			isa = PBXResourcesBuildPhase;
			buildActionMask = 2147483647;
			files = (
				A252C49F216CB2FE00FFA8D3 /* LaunchScreen.storyboard in Resources */,
				A252C49C216CB2FE00FFA8D3 /* Assets.xcassets in Resources */,
				A252C49A216CB2FA00FFA8D3 /* Main.storyboard in Resources */,
			);
			runOnlyForDeploymentPostprocessing = 0;
		};
/* End PBXResourcesBuildPhase section */

/* Begin PBXSourcesBuildPhase section */
		A252C48D216CB2FA00FFA8D3 /* Sources */ = {
			isa = PBXSourcesBuildPhase;
			buildActionMask = 2147483647;
			files = (
				A2EEE30A21861B2C0061CEED /* NowPlayingView.swift in Sources */,
				A252C495216CB2FA00FFA8D3 /* AppDelegate.swift in Sources */,
				A2B4F1FA219F7130005944A2 /* MusicListView.swift in Sources */,
				A252C4A9216CC43900FFA8D3 /* MusicCell.swift in Sources */,
				A252C4AB216CC50900FFA8D3 /* Music.swift in Sources */,
				A2551E4F219F4190004DB89A /* RoundedPlayer.swift in Sources */,
			);
			runOnlyForDeploymentPostprocessing = 0;
		};
/* End PBXSourcesBuildPhase section */

/* Begin PBXVariantGroup section */
		A252C498216CB2FA00FFA8D3 /* Main.storyboard */ = {
			isa = PBXVariantGroup;
			children = (
				A252C499216CB2FA00FFA8D3 /* Base */,
			);
			name = Main.storyboard;
			sourceTree = "<group>";
		};
		A252C49D216CB2FE00FFA8D3 /* LaunchScreen.storyboard */ = {
			isa = PBXVariantGroup;
			children = (
				A252C49E216CB2FE00FFA8D3 /* Base */,
			);
			name = LaunchScreen.storyboard;
			sourceTree = "<group>";
		};
/* End PBXVariantGroup section */

/* Begin XCBuildConfiguration section */
		A252C4A1216CB2FE00FFA8D3 /* Debug */ = {
			isa = XCBuildConfiguration;
			buildSettings = {
				ALWAYS_SEARCH_USER_PATHS = NO;
				CLANG_ANALYZER_NONNULL = YES;
				CLANG_ANALYZER_NUMBER_OBJECT_CONVERSION = YES_AGGRESSIVE;
				CLANG_CXX_LANGUAGE_STANDARD = "gnu++14";
				CLANG_CXX_LIBRARY = "libc++";
				CLANG_ENABLE_MODULES = YES;
				CLANG_ENABLE_OBJC_ARC = YES;
				CLANG_ENABLE_OBJC_WEAK = YES;
				CLANG_WARN_BLOCK_CAPTURE_AUTORELEASING = YES;
				CLANG_WARN_BOOL_CONVERSION = YES;
				CLANG_WARN_COMMA = YES;
				CLANG_WARN_CONSTANT_CONVERSION = YES;
				CLANG_WARN_DEPRECATED_OBJC_IMPLEMENTATIONS = YES;
				CLANG_WARN_DIRECT_OBJC_ISA_USAGE = YES_ERROR;
				CLANG_WARN_DOCUMENTATION_COMMENTS = YES;
				CLANG_WARN_EMPTY_BODY = YES;
				CLANG_WARN_ENUM_CONVERSION = YES;
				CLANG_WARN_INFINITE_RECURSION = YES;
				CLANG_WARN_INT_CONVERSION = YES;
				CLANG_WARN_NON_LITERAL_NULL_CONVERSION = YES;
				CLANG_WARN_OBJC_IMPLICIT_RETAIN_SELF = YES;
				CLANG_WARN_OBJC_LITERAL_CONVERSION = YES;
				CLANG_WARN_OBJC_ROOT_CLASS = YES_ERROR;
				CLANG_WARN_RANGE_LOOP_ANALYSIS = YES;
				CLANG_WARN_STRICT_PROTOTYPES = YES;
				CLANG_WARN_SUSPICIOUS_MOVE = YES;
				CLANG_WARN_UNGUARDED_AVAILABILITY = YES_AGGRESSIVE;
				CLANG_WARN_UNREACHABLE_CODE = YES;
				CLANG_WARN__DUPLICATE_METHOD_MATCH = YES;
				CODE_SIGN_IDENTITY = "iPhone Developer";
				COPY_PHASE_STRIP = NO;
				DEBUG_INFORMATION_FORMAT = dwarf;
				ENABLE_STRICT_OBJC_MSGSEND = YES;
				ENABLE_TESTABILITY = YES;
				GCC_C_LANGUAGE_STANDARD = gnu11;
				GCC_DYNAMIC_NO_PIC = NO;
				GCC_NO_COMMON_BLOCKS = YES;
				GCC_OPTIMIZATION_LEVEL = 0;
				GCC_PREPROCESSOR_DEFINITIONS = (
					"DEBUG=1",
					"$(inherited)",
				);
				GCC_WARN_64_TO_32_BIT_CONVERSION = YES;
				GCC_WARN_ABOUT_RETURN_TYPE = YES_ERROR;
				GCC_WARN_UNDECLARED_SELECTOR = YES;
				GCC_WARN_UNINITIALIZED_AUTOS = YES_AGGRESSIVE;
				GCC_WARN_UNUSED_FUNCTION = YES;
				GCC_WARN_UNUSED_VARIABLE = YES;
				IPHONEOS_DEPLOYMENT_TARGET = 12.1;
				MTL_ENABLE_DEBUG_INFO = INCLUDE_SOURCE;
				MTL_FAST_MATH = YES;
				ONLY_ACTIVE_ARCH = YES;
				SDKROOT = iphoneos;
				SWIFT_ACTIVE_COMPILATION_CONDITIONS = DEBUG;
				SWIFT_OPTIMIZATION_LEVEL = "-Onone";
			};
			name = Debug;
		};
		A252C4A2216CB2FE00FFA8D3 /* Release */ = {
			isa = XCBuildConfiguration;
			buildSettings = {
				ALWAYS_SEARCH_USER_PATHS = NO;
				CLANG_ANALYZER_NONNULL = YES;
				CLANG_ANALYZER_NUMBER_OBJECT_CONVERSION = YES_AGGRESSIVE;
				CLANG_CXX_LANGUAGE_STANDARD = "gnu++14";
				CLANG_CXX_LIBRARY = "libc++";
				CLANG_ENABLE_MODULES = YES;
				CLANG_ENABLE_OBJC_ARC = YES;
				CLANG_ENABLE_OBJC_WEAK = YES;
				CLANG_WARN_BLOCK_CAPTURE_AUTORELEASING = YES;
				CLANG_WARN_BOOL_CONVERSION = YES;
				CLANG_WARN_COMMA = YES;
				CLANG_WARN_CONSTANT_CONVERSION = YES;
				CLANG_WARN_DEPRECATED_OBJC_IMPLEMENTATIONS = YES;
				CLANG_WARN_DIRECT_OBJC_ISA_USAGE = YES_ERROR;
				CLANG_WARN_DOCUMENTATION_COMMENTS = YES;
				CLANG_WARN_EMPTY_BODY = YES;
				CLANG_WARN_ENUM_CONVERSION = YES;
				CLANG_WARN_INFINITE_RECURSION = YES;
				CLANG_WARN_INT_CONVERSION = YES;
				CLANG_WARN_NON_LITERAL_NULL_CONVERSION = YES;
				CLANG_WARN_OBJC_IMPLICIT_RETAIN_SELF = YES;
				CLANG_WARN_OBJC_LITERAL_CONVERSION = YES;
				CLANG_WARN_OBJC_ROOT_CLASS = YES_ERROR;
				CLANG_WARN_RANGE_LOOP_ANALYSIS = YES;
				CLANG_WARN_STRICT_PROTOTYPES = YES;
				CLANG_WARN_SUSPICIOUS_MOVE = YES;
				CLANG_WARN_UNGUARDED_AVAILABILITY = YES_AGGRESSIVE;
				CLANG_WARN_UNREACHABLE_CODE = YES;
				CLANG_WARN__DUPLICATE_METHOD_MATCH = YES;
				CODE_SIGN_IDENTITY = "iPhone Developer";
				COPY_PHASE_STRIP = NO;
				DEBUG_INFORMATION_FORMAT = "dwarf-with-dsym";
				ENABLE_NS_ASSERTIONS = NO;
				ENABLE_STRICT_OBJC_MSGSEND = YES;
				GCC_C_LANGUAGE_STANDARD = gnu11;
				GCC_NO_COMMON_BLOCKS = YES;
				GCC_WARN_64_TO_32_BIT_CONVERSION = YES;
				GCC_WARN_ABOUT_RETURN_TYPE = YES_ERROR;
				GCC_WARN_UNDECLARED_SELECTOR = YES;
				GCC_WARN_UNINITIALIZED_AUTOS = YES_AGGRESSIVE;
				GCC_WARN_UNUSED_FUNCTION = YES;
				GCC_WARN_UNUSED_VARIABLE = YES;
				IPHONEOS_DEPLOYMENT_TARGET = 12.1;
				MTL_ENABLE_DEBUG_INFO = NO;
				MTL_FAST_MATH = YES;
				SDKROOT = iphoneos;
				SWIFT_COMPILATION_MODE = wholemodule;
				SWIFT_OPTIMIZATION_LEVEL = "-O";
				VALIDATE_PRODUCT = YES;
			};
			name = Release;
		};
		A252C4A4216CB2FE00FFA8D3 /* Debug */ = {
			isa = XCBuildConfiguration;
			buildSettings = {
				CODE_SIGN_STYLE = Automatic;
				DEVELOPMENT_TEAM = LNA9PE68R4;
				FRAMEWORK_SEARCH_PATHS = (
					"$(inherited)",
					"$(PROJECT_DIR)/Euphoria",
				);
				INFOPLIST_FILE = Euphoria/Info.plist;
				IPHONEOS_DEPLOYMENT_TARGET = 12.0;
				LD_RUNPATH_SEARCH_PATHS = (
					"$(inherited)",
					"@executable_path/Frameworks",
				);
				PRODUCT_BUNDLE_IDENTIFIER = com.jdc0rp.Euphoria;
				PRODUCT_NAME = "$(TARGET_NAME)";
				SWIFT_VERSION = 4.2;
				TARGETED_DEVICE_FAMILY = "1,2";
			};
			name = Debug;
		};
		A252C4A5216CB2FE00FFA8D3 /* Release */ = {
			isa = XCBuildConfiguration;
			buildSettings = {
				CODE_SIGN_STYLE = Automatic;
				DEVELOPMENT_TEAM = LNA9PE68R4;
				FRAMEWORK_SEARCH_PATHS = (
					"$(inherited)",
					"$(PROJECT_DIR)/Euphoria",
				);
				INFOPLIST_FILE = Euphoria/Info.plist;
				IPHONEOS_DEPLOYMENT_TARGET = 12.0;
				LD_RUNPATH_SEARCH_PATHS = (
					"$(inherited)",
					"@executable_path/Frameworks",
				);
				PRODUCT_BUNDLE_IDENTIFIER = com.jdc0rp.Euphoria;
				PRODUCT_NAME = "$(TARGET_NAME)";
				SWIFT_VERSION = 4.2;
				TARGETED_DEVICE_FAMILY = "1,2";
			};
			name = Release;
		};
/* End XCBuildConfiguration section */

/* Begin XCConfigurationList section */
		A252C48C216CB2F900FFA8D3 /* Build configuration list for PBXProject "Euphoria" */ = {
			isa = XCConfigurationList;
			buildConfigurations = (
				A252C4A1216CB2FE00FFA8D3 /* Debug */,
				A252C4A2216CB2FE00FFA8D3 /* Release */,
			);
			defaultConfigurationIsVisible = 0;
			defaultConfigurationName = Release;
		};
		A252C4A3216CB2FE00FFA8D3 /* Build configuration list for PBXNativeTarget "Euphoria" */ = {
			isa = XCConfigurationList;
			buildConfigurations = (
				A252C4A4216CB2FE00FFA8D3 /* Debug */,
				A252C4A5216CB2FE00FFA8D3 /* Release */,
			);
			defaultConfigurationIsVisible = 0;
			defaultConfigurationName = Release;
		};
/* End XCConfigurationList section */
	};
	rootObject = A252C489216CB2F900FFA8D3 /* Project object */;
}
